
Microsoft Visual Studio Solution File, Format Version 12.00
# Visual Studio Version 16
VisualStudioVersion = 16.0.28922.388
MinimumVisualStudioVersion = 10.0.40219.1
Project("{FAE04EC0-301F-11D3-BF4B-00C04F79EFBC}") = "ThinkSharp.FormulaParser.Wpf", "ThinkSharp.FormulaParser.Wpf\ThinkSharp.FormulaParser.Wpf.csproj", "{18AF0B56-CE95-4740-A5F7-91420E12E7A3}"
EndProject
Project("{9A19103F-16F7-4668-BE54-9A1E7A4F7556}") = "ThinkSharp.FormulaParser", "ThinkSharp.FormulaParser\ThinkSharp.FormulaParser.csproj", "{C69728F7-CDC0-4FA2-B805-E0DD6F498E9F}"
EndProject
Project("{9A19103F-16F7-4668-BE54-9A1E7A4F7556}") = "ThinkSharp.FormulaParser.Test.Core", "ThinkSharp.FormulaParser.Test.Core\ThinkSharp.FormulaParser.Test.Core.csproj", "{1CAA5403-6EBB-4885-A51A-10533E673890}"
EndProject
Project("{D954291E-2A0B-460D-934E-DC6B0785DB48}") = "ThinkSharp.FormulaParser.Test", "ThinkSharp.FormulaParser.Test\ThinkSharp.FormulaParser.Test.shproj", "{BC2373CA-32D9-4224-A1BB-831E0DBF839A}"
EndProject
Project("{FAE04EC0-301F-11D3-BF4B-00C04F79EFBC}") = "ThinkSharp.FormulaParser.Test.Net461", "ThinkSharp.FormulaParser.Test.Net461\ThinkSharp.FormulaParser.Test.Net461.csproj", "{3BC319A0-E6A2-4667-A7E8-8C283ACDA823}"
EndProject
Global
	GlobalSection(SharedMSBuildProjectFiles) = preSolution
		ThinkSharp.FormulaParser.Test\ThinkSharp.FluentFormulaParser.Test.projitems*{3bc319a0-e6a2-4667-a7e8-8c283acda823}*SharedItemsImports = 4
		ThinkSharp.FormulaParser.Test\ThinkSharp.FluentFormulaParser.Test.projitems*{bc2373ca-32d9-4224-a1bb-831e0dbf839a}*SharedItemsImports = 13
	EndGlobalSection
	GlobalSection(SolutionConfigurationPlatforms) = preSolution
		Debug|Any CPU = Debug|Any CPU
		Release|Any CPU = Release|Any CPU
	EndGlobalSection
	GlobalSection(ProjectConfigurationPlatforms) = postSolution
		{18AF0B56-CE95-4740-A5F7-91420E12E7A3}.Debug|Any CPU.ActiveCfg = Debug|Any CPU
		{18AF0B56-CE95-4740-A5F7-91420E12E7A3}.Debug|Any CPU.Build.0 = Debug|Any CPU
		{18AF0B56-CE95-4740-A5F7-91420E12E7A3}.Release|Any CPU.ActiveCfg = Release|Any CPU
		{18AF0B56-CE95-4740-A5F7-91420E12E7A3}.Release|Any CPU.Build.0 = Release|Any CPU
		{C69728F7-CDC0-4FA2-B805-E0DD6F498E9F}.Debug|Any CPU.ActiveCfg = Debug|Any CPU
		{C69728F7-CDC0-4FA2-B805-E0DD6F498E9F}.Debug|Any CPU.Build.0 = Debug|Any CPU
		{C69728F7-CDC0-4FA2-B805-E0DD6F498E9F}.Release|Any CPU.ActiveCfg = Release|Any CPU
		{C69728F7-CDC0-4FA2-B805-E0DD6F498E9F}.Release|Any CPU.Build.0 = Release|Any CPU
		{1CAA5403-6EBB-4885-A51A-10533E673890}.Debug|Any CPU.ActiveCfg = Debug|Any CPU
		{1CAA5403-6EBB-4885-A51A-10533E673890}.Debug|Any CPU.Build.0 = Debug|Any CPU
		{1CAA5403-6EBB-4885-A51A-10533E673890}.Release|Any CPU.ActiveCfg = Release|Any CPU
		{1CAA5403-6EBB-4885-A51A-10533E673890}.Release|Any CPU.Build.0 = Release|Any CPU
		{3BC319A0-E6A2-4667-A7E8-8C283ACDA823}.Debug|Any CPU.ActiveCfg = Debug|Any CPU
		{3BC319A0-E6A2-4667-A7E8-8C283ACDA823}.Debug|Any CPU.Build.0 = Debug|Any CPU
		{3BC319A0-E6A2-4667-A7E8-8C283ACDA823}.Release|Any CPU.ActiveCfg = Release|Any CPU
		{3BC319A0-E6A2-4667-A7E8-8C283ACDA823}.Release|Any CPU.Build.0 = Release|Any CPU
	EndGlobalSection
	GlobalSection(SolutionProperties) = preSolution
		HideSolutionNode = FALSE
	EndGlobalSection
	GlobalSection(ExtensibilityGlobals) = postSolution
		SolutionGuid = {1F8B254D-A34D-4708-8411-33F7C7F7DB32}
	EndGlobalSection
EndGlobal
